PODS:
  - XCAlphaVideoPlayer (1.0.2)

DEPENDENCIES:
  - XCAlphaVideoPlayer (from `../`)

EXTERNAL SOURCES:
  XCAlphaVideoPlayer:
    :path: "../"

SPEC CHECKSUMS:
  XCAlphaVideoPlayer: bb48e50bdce594624ff0deadf3fdf0f11d256198

PODFILE CHECKSUM: 0cc87d70a36df614c0957830ec2f3b30435d1d87

COCOAPODS: 1.12.1
