PODS:
  - XCAlphaVideoPlayer (1.0.5)

DEPENDENCIES:
  - XCAlphaVideoPlayer (from `../`)

EXTERNAL SOURCES:
  XCAlphaVideoPlayer:
    :path: "../"

SPEC CHECKSUMS:
  XCAlphaVideoPlayer: b51369bb2a64c8a33121fcd62ed76d660e477c9d

PODFILE CHECKSUM: 0cc87d70a36df614c0957830ec2f3b30435d1d87

COCOAPODS: 1.12.1
