PODS:
  - XCAlphaVideoPlayer (1.0.6)

DEPENDENCIES:
  - XCAlphaVideoPlayer (from `../`)

EXTERNAL SOURCES:
  XCAlphaVideoPlayer:
    :path: "../"

SPEC CHECKSUMS:
  XCAlphaVideoPlayer: 5fee4875eefcf0c35cb196967903883ed634d1b5

PODFILE CHECKSUM: 0cc87d70a36df614c0957830ec2f3b30435d1d87

COCOAPODS: 1.12.1
